
Microsoft Visual Studio Solution File, Format Version 12.00
# Visual Studio Version 17
VisualStudioVersion = 17.13.35806.99 d17.13
MinimumVisualStudioVersion = 10.0.40219.1
Project("{FAE04EC0-301F-11D3-BF4B-00C04F79EFBC}") = "ConsoleLoader", "..\ConsoleLoader\ConsoleLoader.csproj", "{E033E35F-5506-4F8D-8808-15C30BFA09E3}"
EndProject
Project("{FAE04EC0-301F-11D3-BF4B-00C04F79EFBC}") = "Model", "..\Model\Model.csproj", "{D22BF7D9-3562-4BFA-B1A7-1877D605C696}"
EndProject
Global
	GlobalSection(SolutionConfigurationPlatforms) = preSolution
		Debug|Any CPU = Debug|Any CPU
		Release|Any CPU = Release|Any CPU
	EndGlobalSection
	GlobalSection(ProjectConfigurationPlatforms) = postSolution
		{E033E35F-5506-4F8D-8808-15C30BFA09E3}.Debug|Any CPU.ActiveCfg = Debug|Any CPU
		{E033E35F-5506-4F8D-8808-15C30BFA09E3}.Debug|Any CPU.Build.0 = Debug|Any CPU
		{E033E35F-5506-4F8D-8808-15C30BFA09E3}.Release|Any CPU.ActiveCfg = Release|Any CPU
		{E033E35F-5506-4F8D-8808-15C30BFA09E3}.Release|Any CPU.Build.0 = Release|Any CPU
		{D22BF7D9-3562-4BFA-B1A7-1877D605C696}.Debug|Any CPU.ActiveCfg = Debug|Any CPU
		{D22BF7D9-3562-4BFA-B1A7-1877D605C696}.Debug|Any CPU.Build.0 = Debug|Any CPU
		{D22BF7D9-3562-4BFA-B1A7-1877D605C696}.Release|Any CPU.ActiveCfg = Release|Any CPU
		{D22BF7D9-3562-4BFA-B1A7-1877D605C696}.Release|Any CPU.Build.0 = Release|Any CPU
	EndGlobalSection
	GlobalSection(SolutionProperties) = preSolution
		HideSolutionNode = FALSE
	EndGlobalSection
	GlobalSection(ExtensibilityGlobals) = postSolution
		SolutionGuid = {EB4D32FF-BE2E-48B0-926E-78B549D78E9B}
	EndGlobalSection
EndGlobal
